// !$*UTF8*$!
{
	archiveVersion = 1;
	classes = {
	};
	objectVersion = 48;
	objects = {

/* Begin PBXBuildFile section */
		F7FBD2022089E0FD009C3DDC /* AppDelegate.swift in Sources */ = {isa = PBXBuildFile; fileRef = F7FBD2012089E0FD009C3DDC /* AppDelegate.swift */; };
		F7FBD2042089E0FD009C3DDC /* ViewController.swift in Sources */ = {isa = PBXBuildFile; fileRef = F7FBD2032089E0FD009C3DDC /* ViewController.swift */; };
		F7FBD2072089E0FD009C3DDC /* Main.storyboard in Resources */ = {isa = PBXBuildFile; fileRef = F7FBD2052089E0FD009C3DDC /* Main.storyboard */; };
		F7FBD2092089E0FD009C3DDC /* Assets.xcassets in Resources */ = {isa = PBXBuildFile; fileRef = F7FBD2082089E0FD009C3DDC /* Assets.xcassets */; };
		F7FBD20C2089E0FD009C3DDC /* LaunchScreen.storyboard in Resources */ = {isa = PBXBuildFile; fileRef = F7FBD20A2089E0FD009C3DDC /* LaunchScreen.storyboard */; };
		F7FBD2172089E0FD009C3DDC /* DemoTests.swift in Sources */ = {isa = PBXBuildFile; fileRef = F7FBD2162089E0FD009C3DDC /* DemoTests.swift */; };
		F7FBD2222089E0FD009C3DDC /* DemoUITests.swift in Sources */ = {isa = PBXBuildFile; fileRef = F7FBD2212089E0FD009C3DDC /* DemoUITests.swift */; };
/* End PBXBuildFile section */

/* Begin PBXContainerItemProxy section */
		F7FBD2132089E0FD009C3DDC /* PBXContainerItemProxy */ = {
			isa = PBXContainerItemProxy;
			containerPortal = F7FBD1F62089E0FD009C3DDC /* Project object */;
			proxyType = 1;
			remoteGlobalIDString = F7FBD1FD2089E0FD009C3DDC;
			remoteInfo = Demo;
		};
		F7FBD21E2089E0FD009C3DDC /* PBXContainerItemProxy */ = {
			isa = PBXContainerItemProxy;
			containerPortal = F7FBD1F62089E0FD009C3DDC /* Project object */;
			proxyType = 1;
			remoteGlobalIDString = F7FBD1FD2089E0FD009C3DDC;
			remoteInfo = Demo;
		};
/* End PBXContainerItemProxy section */

/* Begin PBXFileReference section */
		F7FBD1FE2089E0FD009C3DDC /* Demo.app */ = {isa = PBXFileReference; explicitFileType = wrapper.application; includeInIndex = 0; path = Demo.app; sourceTree = BUILT_PRODUCTS_DIR; };
		F7FBD2012089E0FD009C3DDC /* AppDelegate.swift */ = {isa = PBXFileReference; lastKnownFileType = sourcecode.swift; path = AppDelegate.swift; sourceTree = "<group>"; };
		F7FBD2032089E0FD009C3DDC /* ViewController.swift */ = {isa = PBXFileReference; lastKnownFileType = sourcecode.swift; path = ViewController.swift; sourceTree = "<group>"; };
		F7FBD2062089E0FD009C3DDC /* Base */ = {isa = PBXFileReference; lastKnownFileType = file.storyboard; name = Base; path = Base.lproj/Main.storyboard; sourceTree = "<group>"; };
		F7FBD2082089E0FD009C3DDC /* Assets.xcassets */ = {isa = PBXFileReference; lastKnownFileType = folder.assetcatalog; path = Assets.xcassets; sourceTree = "<group>"; };
		F7FBD20B2089E0FD009C3DDC /* Base */ = {isa = PBXFileReference; lastKnownFileType = file.storyboard; name = Base; path = Base.lproj/LaunchScreen.storyboard; sourceTree = "<group>"; };
		F7FBD20D2089E0FD009C3DDC /* Info.plist */ = {isa = PBXFileReference; lastKnownFileType = text.plist.xml; path = Info.plist; sourceTree = "<group>"; };
		F7FBD2122089E0FD009C3DDC /* DemoTests.xctest */ = {isa = PBXFileReference; explicitFileType = wrapper.cfbundle; includeInIndex = 0; path = DemoTests.xctest; sourceTree = BUILT_PRODUCTS_DIR; };
		F7FBD2162089E0FD009C3DDC /* DemoTests.swift */ = {isa = PBXFileReference; lastKnownFileType = sourcecode.swift; path = DemoTests.swift; sourceTree = "<group>"; };
		F7FBD2182089E0FD009C3DDC /* Info.plist */ = {isa = PBXFileReference; lastKnownFileType = text.plist.xml; path = Info.plist; sourceTree = "<group>"; };
		F7FBD21D2089E0FD009C3DDC /* DemoUITests.xctest */ = {isa = PBXFileReference; explicitFileType = wrapper.cfbundle; includeInIndex = 0; path = DemoUITests.xctest; sourceTree = BUILT_PRODUCTS_DIR; };
		F7FBD2212089E0FD009C3DDC /* DemoUITests.swift */ = {isa = PBXFileReference; lastKnownFileType = sourcecode.swift; path = DemoUITests.swift; sourceTree = "<group>"; };
		F7FBD2232089E0FD009C3DDC /* Info.plist */ = {isa = PBXFileReference; lastKnownFileType = text.plist.xml; path = Info.plist; sourceTree = "<group>"; };
/* End PBXFileReference section */

/* Begin PBXFrameworksBuildPhase section */
		F7FBD1FB2089E0FD009C3DDC /* Frameworks */ = {
			isa = PBXFrameworksBuildPhase;
			buildActionMask = 2147483647;
			files = (
			);
			runOnlyForDeploymentPostprocessing = 0;
		};
		F7FBD20F2089E0FD009C3DDC /* Frameworks */ = {
			isa = PBXFrameworksBuildPhase;
			buildActionMask = 2147483647;
			files = (
			);
			runOnlyForDeploymentPostprocessing = 0;
		};
		F7FBD21A2089E0FD009C3DDC /* Frameworks */ = {
			isa = PBXFrameworksBuildPhase;
			buildActionMask = 2147483647;
			files = (
			);
			runOnlyForDeploymentPostprocessing = 0;
		};
/* End PBXFrameworksBuildPhase section */

/* Begin PBXGroup section */
		F7FBD1F52089E0FD009C3DDC = {
			isa = PBXGroup;
			children = (
				F7FBD2002089E0FD009C3DDC /* Demo */,
				F7FBD2152089E0FD009C3DDC /* DemoTests */,
				F7FBD2202089E0FD009C3DDC /* DemoUITests */,
				F7FBD1FF2089E0FD009C3DDC /* Products */,
			);
			sourceTree = "<group>";
		};
		F7FBD1FF2089E0FD009C3DDC /* Products */ = {
			isa = PBXGroup;
			children = (
				F7FBD1FE2089E0FD009C3DDC /* Demo.app */,
				F7FBD2122089E0FD009C3DDC /* DemoTests.xctest */,
				F7FBD21D2089E0FD009C3DDC /* DemoUITests.xctest */,
			);
			name = Products;
			sourceTree = "<group>";
		};
		F7FBD2002089E0FD009C3DDC /* Demo */ = {
			isa = PBXGroup;
			children = (
				F7FBD2012089E0FD009C3DDC /* AppDelegate.swift */,
				F7FBD2032089E0FD009C3DDC /* ViewController.swift */,
				F7FBD2052089E0FD009C3DDC /* Main.storyboard */,
				F7FBD2082089E0FD009C3DDC /* Assets.xcassets */,
				F7FBD20A2089E0FD009C3DDC /* LaunchScreen.storyboard */,
				F7FBD20D2089E0FD009C3DDC /* Info.plist */,
			);
			path = Demo;
			sourceTree = "<group>";
		};
		F7FBD2152089E0FD009C3DDC /* DemoTests */ = {
			isa = PBXGroup;
			children = (
				F7FBD2162089E0FD009C3DDC /* DemoTests.swift */,
				F7FBD2182089E0FD009C3DDC /* Info.plist */,
			);
			path = DemoTests;
			sourceTree = "<group>";
		};
		F7FBD2202089E0FD009C3DDC /* DemoUITests */ = {
			isa = PBXGroup;
			children = (
				F7FBD2212089E0FD009C3DDC /* DemoUITests.swift */,
				F7FBD2232089E0FD009C3DDC /* Info.plist */,
			);
			path = DemoUITests;
			sourceTree = "<group>";
		};
/* End PBXGroup section */

/* Begin PBXNativeTarget section */
		F7FBD1FD2089E0FD009C3DDC /* Demo */ = {
			isa = PBXNativeTarget;
			buildConfigurationList = F7FBD2262089E0FD009C3DDC /* Build configuration list for PBXNativeTarget "Demo" */;
			buildPhases = (
				F7FBD1FA2089E0FD009C3DDC /* Sources */,
				F7FBD1FB2089E0FD009C3DDC /* Frameworks */,
				F7FBD1FC2089E0FD009C3DDC /* Resources */,
			);
			buildRules = (
			);
			dependencies = (
			);
			name = Demo;
			productName = Demo;
			productReference = F7FBD1FE2089E0FD009C3DDC /* Demo.app */;
			productType = "com.apple.product-type.application";
		};
		F7FBD2112089E0FD009C3DDC /* DemoTests */ = {
			isa = PBXNativeTarget;
			buildConfigurationList = F7FBD2292089E0FD009C3DDC /* Build configuration list for PBXNativeTarget "DemoTests" */;
			buildPhases = (
				F7FBD20E2089E0FD009C3DDC /* Sources */,
				F7FBD20F2089E0FD009C3DDC /* Frameworks */,
				F7FBD2102089E0FD009C3DDC /* Resources */,
			);
			buildRules = (
			);
			dependencies = (
				F7FBD2142089E0FD009C3DDC /* PBXTargetDependency */,
			);
			name = DemoTests;
			productName = DemoTests;
			productReference = F7FBD2122089E0FD009C3DDC /* DemoTests.xctest */;
			productType = "com.apple.product-type.bundle.unit-test";
		};
		F7FBD21C2089E0FD009C3DDC /* DemoUITests */ = {
			isa = PBXNativeTarget;
			buildConfigurationList = F7FBD22C2089E0FD009C3DDC /* Build configuration list for PBXNativeTarget "DemoUITests" */;
			buildPhases = (
				F7FBD2192089E0FD009C3DDC /* Sources */,
				F7FBD21A2089E0FD009C3DDC /* Frameworks */,
				F7FBD21B2089E0FD009C3DDC /* Resources */,
			);
			buildRules = (
			);
			dependencies = (
				F7FBD21F2089E0FD009C3DDC /* PBXTargetDependency */,
			);
			name = DemoUITests;
			productName = DemoUITests;
			productReference = F7FBD21D2089E0FD009C3DDC /* DemoUITests.xctest */;
			productType = "com.apple.product-type.bundle.ui-testing";
		};
/* End PBXNativeTarget section */

/* Begin PBXProject section */
		F7FBD1F62089E0FD009C3DDC /* Project object */ = {
			isa = PBXProject;
			attributes = {
				LastSwiftUpdateCheck = 0920;
				LastUpgradeCheck = 0920;
				ORGANIZATIONNAME = "Anuvansh Kumar";
				TargetAttributes = {
					F7FBD1FD2089E0FD009C3DDC = {
						CreatedOnToolsVersion = 9.2;
						ProvisioningStyle = Automatic;
					};
					F7FBD2112089E0FD009C3DDC = {
						CreatedOnToolsVersion = 9.2;
						ProvisioningStyle = Automatic;
						TestTargetID = F7FBD1FD2089E0FD009C3DDC;
					};
					F7FBD21C2089E0FD009C3DDC = {
						CreatedOnToolsVersion = 9.2;
						ProvisioningStyle = Automatic;
						TestTargetID = F7FBD1FD2089E0FD009C3DDC;
					};
				};
			};
			buildConfigurationList = F7FBD1F92089E0FD009C3DDC /* Build configuration list for PBXProject "Demo" */;
			compatibilityVersion = "Xcode 8.0";
			developmentRegion = en;
			hasScannedForEncodings = 0;
			knownRegions = (
				en,
				Base,
			);
			mainGroup = F7FBD1F52089E0FD009C3DDC;
			productRefGroup = F7FBD1FF2089E0FD009C3DDC /* Products */;
			projectDirPath = "";
			projectRoot = "";
			targets = (
				F7FBD1FD2089E0FD009C3DDC /* Demo */,
				F7FBD2112089E0FD009C3DDC /* DemoTests */,
				F7FBD21C2089E0FD009C3DDC /* DemoUITests */,
			);
		};
/* End PBXProject section */

/* Begin PBXResourcesBuildPhase section */
		F7FBD1FC2089E0FD009C3DDC /* Resources */ = {
			isa = PBXResourcesBuildPhase;
			buildActionMask = 2147483647;
			files = (
				F7FBD20C2089E0FD009C3DDC /* LaunchScreen.storyboard in Resources */,
				F7FBD2092089E0FD009C3DDC /* Assets.xcassets in Resources */,
				F7FBD2072089E0FD009C3DDC /* Main.storyboard in Resources */,
			);
			runOnlyForDeploymentPostprocessing = 0;
		};
		F7FBD2102089E0FD009C3DDC /* Resources */ = {
			isa = PBXResourcesBuildPhase;
			buildActionMask = 2147483647;
			files = (
			);
			runOnlyForDeploymentPostprocessing = 0;
		};
		F7FBD21B2089E0FD009C3DDC /* Resources */ = {
			isa = PBXResourcesBuildPhase;
			buildActionMask = 2147483647;
			files = (
			);
			runOnlyForDeploymentPostprocessing = 0;
		};
/* End PBXResourcesBuildPhase section */

/* Begin PBXSourcesBuildPhase section */
		F7FBD1FA2089E0FD009C3DDC /* Sources */ = {
			isa = PBXSourcesBuildPhase;
			buildActionMask = 2147483647;
			files = (
				F7FBD2042089E0FD009C3DDC /* ViewController.swift in Sources */,
				F7FBD2022089E0FD009C3DDC /* AppDelegate.swift in Sources */,
			);
			runOnlyForDeploymentPostprocessing = 0;
		};
		F7FBD20E2089E0FD009C3DDC /* Sources */ = {
			isa = PBXSourcesBuildPhase;
			buildActionMask = 2147483647;
			files = (
				F7FBD2172089E0FD009C3DDC /* DemoTests.swift in Sources */,
			);
			runOnlyForDeploymentPostprocessing = 0;
		};
		F7FBD2192089E0FD009C3DDC /* Sources */ = {
			isa = PBXSourcesBuildPhase;
			buildActionMask = 2147483647;
			files = (
				F7FBD2222089E0FD009C3DDC /* DemoUITests.swift in Sources */,
			);
			runOnlyForDeploymentPostprocessing = 0;
		};
/* End PBXSourcesBuildPhase section */

/* Begin PBXTargetDependency section */
		F7FBD2142089E0FD009C3DDC /* PBXTargetDependency */ = {
			isa = PBXTargetDependency;
			target = F7FBD1FD2089E0FD009C3DDC /* Demo */;
			targetProxy = F7FBD2132089E0FD009C3DDC /* PBXContainerItemProxy */;
		};
		F7FBD21F2089E0FD009C3DDC /* PBXTargetDependency */ = {
			isa = PBXTargetDependency;
			target = F7FBD1FD2089E0FD009C3DDC /* Demo */;
			targetProxy = F7FBD21E2089E0FD009C3DDC /* PBXContainerItemProxy */;
		};
/* End PBXTargetDependency section */

/* Begin PBXVariantGroup section */
		F7FBD2052089E0FD009C3DDC /* Main.storyboard */ = {
			isa = PBXVariantGroup;
			children = (
				F7FBD2062089E0FD009C3DDC /* Base */,
			);
			name = Main.storyboard;
			sourceTree = "<group>";
		};
		F7FBD20A2089E0FD009C3DDC /* LaunchScreen.storyboard */ = {
			isa = PBXVariantGroup;
			children = (
				F7FBD20B2089E0FD009C3DDC /* Base */,
			);
			name = LaunchScreen.storyboard;
			sourceTree = "<group>";
		};
/* End PBXVariantGroup section */

/* Begin XCBuildConfiguration section */
		F7FBD2242089E0FD009C3DDC /* Debug */ = {
			isa = XCBuildConfiguration;
			buildSettings = {
				ALWAYS_SEARCH_USER_PATHS = NO;
				CLANG_ANALYZER_NONNULL = YES;
				CLANG_ANALYZER_NUMBER_OBJECT_CONVERSION = YES_AGGRESSIVE;
				CLANG_CXX_LANGUAGE_STANDARD = "gnu++14";
				CLANG_CXX_LIBRARY = "libc++";
				CLANG_ENABLE_MODULES = YES;
				CLANG_ENABLE_OBJC_ARC = YES;
				CLANG_WARN_BLOCK_CAPTURE_AUTORELEASING = YES;
				CLANG_WARN_BOOL_CONVERSION = YES;
				CLANG_WARN_COMMA = YES;
				CLANG_WARN_CONSTANT_CONVERSION = YES;
				CLANG_WARN_DIRECT_OBJC_ISA_USAGE = YES_ERROR;
				CLANG_WARN_DOCUMENTATION_COMMENTS = YES;
				CLANG_WARN_EMPTY_BODY = YES;
				CLANG_WARN_ENUM_CONVERSION = YES;
				CLANG_WARN_INFINITE_RECURSION = YES;
				CLANG_WARN_INT_CONVERSION = YES;
				CLANG_WARN_NON_LITERAL_NULL_CONVERSION = YES;
				CLANG_WARN_OBJC_LITERAL_CONVERSION = YES;
				CLANG_WARN_OBJC_ROOT_CLASS = YES_ERROR;
				CLANG_WARN_RANGE_LOOP_ANALYSIS = YES;
				CLANG_WARN_STRICT_PROTOTYPES = YES;
				CLANG_WARN_SUSPICIOUS_MOVE = YES;
				CLANG_WARN_UNGUARDED_AVAILABILITY = YES_AGGRESSIVE;
				CLANG_WARN_UNREACHABLE_CODE = YES;
				CLANG_WARN__DUPLICATE_METHOD_MATCH = YES;
				CODE_SIGN_IDENTITY = "iPhone Developer";
				COPY_PHASE_STRIP = NO;
				DEBUG_INFORMATION_FORMAT = dwarf;
				ENABLE_STRICT_OBJC_MSGSEND = YES;
				ENABLE_TESTABILITY = YES;
				GCC_C_LANGUAGE_STANDARD = gnu11;
				GCC_DYNAMIC_NO_PIC = NO;
				GCC_NO_COMMON_BLOCKS = YES;
				GCC_OPTIMIZATION_LEVEL = 0;
				GCC_PREPROCESSOR_DEFINITIONS = (
					"DEBUG=1",
					"$(inherited)",
				);
				GCC_WARN_64_TO_32_BIT_CONVERSION = YES;
				GCC_WARN_ABOUT_RETURN_TYPE = YES_ERROR;
				GCC_WARN_UNDECLARED_SELECTOR = YES;
				GCC_WARN_UNINITIALIZED_AUTOS = YES_AGGRESSIVE;
				GCC_WARN_UNUSED_FUNCTION = YES;
				GCC_WARN_UNUSED_VARIABLE = YES;
				IPHONEOS_DEPLOYMENT_TARGET = 11.2;
				MTL_ENABLE_DEBUG_INFO = YES;
				ONLY_ACTIVE_ARCH = YES;
				SDKROOT = iphoneos;
				SWIFT_ACTIVE_COMPILATION_CONDITIONS = DEBUG;
				SWIFT_OPTIMIZATION_LEVEL = "-Onone";
			};
			name = Debug;
		};
		F7FBD2252089E0FD009C3DDC /* Release */ = {
			isa = XCBuildConfiguration;
			buildSettings = {
				ALWAYS_SEARCH_USER_PATHS = NO;
				CLANG_ANALYZER_NONNULL = YES;
				CLANG_ANALYZER_NUMBER_OBJECT_CONVERSION = YES_AGGRESSIVE;
				CLANG_CXX_LANGUAGE_STANDARD = "gnu++14";
				CLANG_CXX_LIBRARY = "libc++";
				CLANG_ENABLE_MODULES = YES;
				CLANG_ENABLE_OBJC_ARC = YES;
				CLANG_WARN_BLOCK_CAPTURE_AUTORELEASING = YES;
				CLANG_WARN_BOOL_CONVERSION = YES;
				CLANG_WARN_COMMA = YES;
				CLANG_WARN_CONSTANT_CONVERSION = YES;
				CLANG_WARN_DIRECT_OBJC_ISA_USAGE = YES_ERROR;
				CLANG_WARN_DOCUMENTATION_COMMENTS = YES;
				CLANG_WARN_EMPTY_BODY = YES;
				CLANG_WARN_ENUM_CONVERSION = YES;
				CLANG_WARN_INFINITE_RECURSION = YES;
				CLANG_WARN_INT_CONVERSION = YES;
				CLANG_WARN_NON_LITERAL_NULL_CONVERSION = YES;
				CLANG_WARN_OBJC_LITERAL_CONVERSION = YES;
				CLANG_WARN_OBJC_ROOT_CLASS = YES_ERROR;
				CLANG_WARN_RANGE_LOOP_ANALYSIS = YES;
				CLANG_WARN_STRICT_PROTOTYPES = YES;
				CLANG_WARN_SUSPICIOUS_MOVE = YES;
				CLANG_WARN_UNGUARDED_AVAILABILITY = YES_AGGRESSIVE;
				CLANG_WARN_UNREACHABLE_CODE = YES;
				CLANG_WARN__DUPLICATE_METHOD_MATCH = YES;
				CODE_SIGN_IDENTITY = "iPhone Developer";
				COPY_PHASE_STRIP = NO;
				DEBUG_INFORMATION_FORMAT = "dwarf-with-dsym";
				ENABLE_NS_ASSERTIONS = NO;
				ENABLE_STRICT_OBJC_MSGSEND = YES;
				GCC_C_LANGUAGE_STANDARD = gnu11;
				GCC_NO_COMMON_BLOCKS = YES;
				GCC_WARN_64_TO_32_BIT_CONVERSION = YES;
				GCC_WARN_ABOUT_RETURN_TYPE = YES_ERROR;
				GCC_WARN_UNDECLARED_SELECTOR = YES;
				GCC_WARN_UNINITIALIZED_AUTOS = YES_AGGRESSIVE;
				GCC_WARN_UNUSED_FUNCTION = YES;
				GCC_WARN_UNUSED_VARIABLE = YES;
				IPHONEOS_DEPLOYMENT_TARGET = 11.2;
				MTL_ENABLE_DEBUG_INFO = NO;
				SDKROOT = iphoneos;
				SWIFT_OPTIMIZATION_LEVEL = "-Owholemodule";
				VALIDATE_PRODUCT = YES;
			};
			name = Release;
		};
		F7FBD2272089E0FD009C3DDC /* Debug */ = {
			isa = XCBuildConfiguration;
			buildSettings = {
				ASSETCATALOG_COMPILER_APPICON_NAME = AppIcon;
				CODE_SIGN_STYLE = Automatic;
				INFOPLIST_FILE = Demo/Info.plist;
				LD_RUNPATH_SEARCH_PATHS = "$(inherited) @executable_path/Frameworks";
				PRODUCT_BUNDLE_IDENTIFIER = abc.Demo;
				PRODUCT_NAME = "$(TARGET_NAME)";
				SWIFT_VERSION = 4.0;
				TARGETED_DEVICE_FAMILY = "1,2";
			};
			name = Debug;
		};
		F7FBD2282089E0FD009C3DDC /* Release */ = {
			isa = XCBuildConfiguration;
			buildSettings = {
				ASSETCATALOG_COMPILER_APPICON_NAME = AppIcon;
				CODE_SIGN_STYLE = Automatic;
				INFOPLIST_FILE = Demo/Info.plist;
				LD_RUNPATH_SEARCH_PATHS = "$(inherited) @executable_path/Frameworks";
				PRODUCT_BUNDLE_IDENTIFIER = abc.Demo;
				PRODUCT_NAME = "$(TARGET_NAME)";
				SWIFT_VERSION = 4.0;
				TARGETED_DEVICE_FAMILY = "1,2";
			};
			name = Release;
		};
		F7FBD22A2089E0FD009C3DDC /* Debug */ = {
			isa = XCBuildConfiguration;
			buildSettings = {
				ALWAYS_EMBED_SWIFT_STANDARD_LIBRARIES = YES;
				BUNDLE_LOADER = "$(TEST_HOST)";
				CODE_SIGN_STYLE = Automatic;
				INFOPLIST_FILE = DemoTests/Info.plist;
				LD_RUNPATH_SEARCH_PATHS = "$(inherited) @executable_path/Frameworks @loader_path/Frameworks";
				PRODUCT_BUNDLE_IDENTIFIER = abc.DemoTests;
				PRODUCT_NAME = "$(TARGET_NAME)";
				SWIFT_VERSION = 4.0;
				TARGETED_DEVICE_FAMILY = "1,2";
				TEST_HOST = "$(BUILT_PRODUCTS_DIR)/Demo.app/Demo";
			};
			name = Debug;
		};
		F7FBD22B2089E0FD009C3DDC /* Release */ = {
			isa = XCBuildConfiguration;
			buildSettings = {
				ALWAYS_EMBED_SWIFT_STANDARD_LIBRARIES = YES;
				BUNDLE_LOADER = "$(TEST_HOST)";
				CODE_SIGN_STYLE = Automatic;
				INFOPLIST_FILE = DemoTests/Info.plist;
				LD_RUNPATH_SEARCH_PATHS = "$(inherited) @executable_path/Frameworks @loader_path/Frameworks";
				PRODUCT_BUNDLE_IDENTIFIER = abc.DemoTests;
				PRODUCT_NAME = "$(TARGET_NAME)";
				SWIFT_VERSION = 4.0;
				TARGETED_DEVICE_FAMILY = "1,2";
				TEST_HOST = "$(BUILT_PRODUCTS_DIR)/Demo.app/Demo";
			};
			name = Release;
		};
		F7FBD22D2089E0FD009C3DDC /* Debug */ = {
			isa = XCBuildConfiguration;
			buildSettings = {
				ALWAYS_EMBED_SWIFT_STANDARD_LIBRARIES = YES;
				CODE_SIGN_STYLE = Automatic;
				INFOPLIST_FILE = DemoUITests/Info.plist;
				LD_RUNPATH_SEARCH_PATHS = "$(inherited) @executable_path/Frameworks @loader_path/Frameworks";
				PRODUCT_BUNDLE_IDENTIFIER = abc.DemoUITests;
				PRODUCT_NAME = "$(TARGET_NAME)";
				SWIFT_VERSION = 4.0;
				TARGETED_DEVICE_FAMILY = "1,2";
				TEST_TARGET_NAME = Demo;
			};
			name = Debug;
		};
		F7FBD22E2089E0FD009C3DDC /* Release */ = {
			isa = XCBuildConfiguration;
			buildSettings = {
				ALWAYS_EMBED_SWIFT_STANDARD_LIBRARIES = YES;
				CODE_SIGN_STYLE = Automatic;
				INFOPLIST_FILE = DemoUITests/Info.plist;
				LD_RUNPATH_SEARCH_PATHS = "$(inherited) @executable_path/Frameworks @loader_path/Frameworks";
				PRODUCT_BUNDLE_IDENTIFIER = abc.DemoUITests;
				PRODUCT_NAME = "$(TARGET_NAME)";
				SWIFT_VERSION = 4.0;
				TARGETED_DEVICE_FAMILY = "1,2";
				TEST_TARGET_NAME = Demo;
			};
			name = Release;
		};
/* End XCBuildConfiguration section */

/* Begin XCConfigurationList section */
		F7FBD1F92089E0FD009C3DDC /* Build configuration list for PBXProject "Demo" */ = {
			isa = XCConfigurationList;
			buildConfigurations = (
				F7FBD2242089E0FD009C3DDC /* Debug */,
				F7FBD2252089E0FD009C3DDC /* Release */,
			);
			defaultConfigurationIsVisible = 0;
			defaultConfigurationName = Release;
		};
		F7FBD2262089E0FD009C3DDC /* Build configuration list for PBXNativeTarget "Demo" */ = {
			isa = XCConfigurationList;
			buildConfigurations = (
				F7FBD2272089E0FD009C3DDC /* Debug */,
				F7FBD2282089E0FD009C3DDC /* Release */,
			);
			defaultConfigurationIsVisible = 0;
			defaultConfigurationName = Release;
		};
		F7FBD2292089E0FD009C3DDC /* Build configuration list for PBXNativeTarget "DemoTests" */ = {
			isa = XCConfigurationList;
			buildConfigurations = (
				F7FBD22A2089E0FD009C3DDC /* Debug */,
				F7FBD22B2089E0FD009C3DDC /* Release */,
			);
			defaultConfigurationIsVisible = 0;
			defaultConfigurationName = Release;
		};
		F7FBD22C2089E0FD009C3DDC /* Build configuration list for PBXNativeTarget "DemoUITests" */ = {
			isa = XCConfigurationList;
			buildConfigurations = (
				F7FBD22D2089E0FD009C3DDC /* Debug */,
				F7FBD22E2089E0FD009C3DDC /* Release */,
			);
			defaultConfigurationIsVisible = 0;
			defaultConfigurationName = Release;
		};
/* End XCConfigurationList section */
	};
	rootObject = F7FBD1F62089E0FD009C3DDC /* Project object */;
}
